{
  "name": "retext-capitalization",
  "version": "1.1.3",
  "lockfileVersion": 2,
  "requires": true,
  "packages": {
    "": {
      "name": "retext-capitalization",
      "version": "1.1.3",
      "license": "ISC",
      "dependencies": {
        "match-casing": "^2.0.1",
        "nlcst-search": "^3.1.0",
        "nlcst-to-string": "^3.1.0",
        "quotation": "^2.0.2",
        "retext": "^8.1.0",
        "unist-util-is": "^5.1.1",
        "unist-util-position": "^4.0.1",
        "unist-util-visit": "^4.1.0",
        "vfile-reporter-json": "^3.1.0"
      }
    },
    "node_modules/@types/nlcst": {
      "version": "1.0.0",
      "resolved": "https://registry.npmjs.org/@types/nlcst/-/nlcst-1.0.0.tgz",
      "integrity": "sha512-3TGCfOcy8R8mMQ4CNSNOe3PG66HttvjcLzCoOpvXvDtfWOTi+uT/rxeOKm/qEwbM4SNe1O/PjdiBK2YcTjU4OQ==",
      "dependencies": {
        "@types/unist": "*"
      }
    },
    "node_modules/@types/unist": {
      "version": "2.0.6",
      "resolved": "https://registry.npmjs.org/@types/unist/-/unist-2.0.6.tgz",
      "integrity": "sha512-PBjIUxZHOuj0R15/xuwJYjFi+KZdNFrehocChv4g5hu6aFroHue8m0lBP0POdK2nKzbw0cgV1mws8+V/JAcEkQ=="
    },
    "node_modules/array-iterate": {
      "version": "1.1.4",
      "resolved": "https://registry.npmjs.org/array-iterate/-/array-iterate-1.1.4.tgz",
      "integrity": "sha512-sNRaPGh9nnmdC8Zf+pT3UqP8rnWj5Hf9wiFGsX3wUQ2yVSIhO2ShFwCoceIPpB41QF6i2OEmrHmCo36xronCVA==",
      "funding": {
        "type": "github",
        "url": "https://github.com/sponsors/wooorm"
      }
    },
    "node_modules/bail": {
      "version": "2.0.2",
      "resolved": "https://registry.npmjs.org/bail/-/bail-2.0.2.tgz",
      "integrity": "sha512-0xO6mYd7JB2YesxDKplafRpsiOzPt9V02ddPCLbY1xYGPOX24NTyN50qnUxgCPcSoYMhKpAuBTjQoRZCAkUDRw==",
      "funding": {
        "type": "github",
        "url": "https://github.com/sponsors/wooorm"
      }
    },
    "node_modules/extend": {
      "version": "3.0.2",
      "resolved": "https://registry.npmjs.org/extend/-/extend-3.0.2.tgz",
      "integrity": "sha512-fjquC59cD7CyW6urNXK0FBufkZcoiGG80wTuPujX590cB5Ttln20E2UB4S/WARVqhXffZl2LNgS+gQdPIIim/g=="
    },
    "node_modules/is-buffer": {
      "version": "2.0.5",
      "resolved": "https://registry.npmjs.org/is-buffer/-/is-buffer-2.0.5.tgz",
      "integrity": "sha512-i2R6zNFDwgEHJyQUtJEk0XFi1i0dPFn/oqjK3/vPCcDeJvW5NQ83V8QbicfF1SupOaB0h8ntgBC2YiE7dfyctQ==",
      "funding": [
        {
          "type": "github",
          "url": "https://github.com/sponsors/feross"
        },
        {
          "type": "patreon",
          "url": "https://www.patreon.com/feross"
        },
        {
          "type": "consulting",
          "url": "https://feross.org/support"
        }
      ],
      "engines": {
        "node": ">=4"
      }
    },
    "node_modules/is-plain-obj": {
      "version": "4.0.0",
      "resolved": "https://registry.npmjs.org/is-plain-obj/-/is-plain-obj-4.0.0.tgz",
      "integrity": "sha512-NXRbBtUdBioI73y/HmOhogw/U5msYPC9DAtGkJXeFcFWSFZw0mCUsPxk/snTuJHzNKA8kLBK4rH97RMB1BfCXw==",
      "engines": {
        "node": ">=12"
      },
      "funding": {
        "url": "https://github.com/sponsors/sindresorhus"
      }
    },
    "node_modules/match-casing": {
      "version": "2.0.1",
      "resolved": "https://registry.npmjs.org/match-casing/-/match-casing-2.0.1.tgz",
      "integrity": "sha512-LeCq9FI5u4nppJnt4hklxcchkH9qH9+uFjX17f74a99lLkRXfVE49iL0hCtM5DZolps483viAy5zjvlTz/JNoA==",
      "funding": {
        "type": "github",
        "url": "https://github.com/sponsors/wooorm"
      }
    },
    "node_modules/nlcst-is-literal": {
      "version": "2.1.0",
      "resolved": "https://registry.npmjs.org/nlcst-is-literal/-/nlcst-is-literal-2.1.0.tgz",
      "integrity": "sha512-jaEIXvIreWx4lfkRa+B3toTTxQgDxnECncbEQVSUVfRWxamQFbRHgxyfrt0aMnuoq5AMd3CQHl5SHGGruOUOdQ==",
      "dependencies": {
        "@types/nlcst": "^1.0.0",
        "@types/unist": "^2.0.0",
        "nlcst-to-string": "^3.0.0"
      },
      "funding": {
        "type": "opencollective",
        "url": "https://opencollective.com/unified"
      }
    },
    "node_modules/nlcst-normalize": {
      "version": "3.1.0",
      "resolved": "https://registry.npmjs.org/nlcst-normalize/-/nlcst-normalize-3.1.0.tgz",
      "integrity": "sha512-kRWfUwtffmU26wPAJ25St5rec29PhV8F6dKaa7PxGhH3uytsGakfLyOEEm1mULzWOdfyDb03aE+OKp7h0OJuhA==",
      "dependencies": {
        "@types/nlcst": "^1.0.0",
        "nlcst-to-string": "^3.0.0"
      },
      "funding": {
        "type": "opencollective",
        "url": "https://opencollective.com/unified"
      }
    },
    "node_modules/nlcst-search": {
      "version": "3.1.0",
      "resolved": "https://registry.npmjs.org/nlcst-search/-/nlcst-search-3.1.0.tgz",
      "integrity": "sha512-d+0fXxF0d5oFAeeyuoGbIYcbiixE9Xt/lsmt491jjPyabXRoIRBE0++U+G8kbDyJFRk1bMQnGFpMCzeoMlDYfQ==",
      "dependencies": {
        "@types/nlcst": "^1.0.0",
        "@types/unist": "^2.0.0",
        "nlcst-is-literal": "^2.0.0",
        "nlcst-normalize": "^3.0.0",
        "unist-util-visit": "^4.0.0"
      },
      "funding": {
        "type": "opencollective",
        "url": "https://opencollective.com/unified"
      }
    },
    "node_modules/nlcst-to-string": {
      "version": "3.1.0",
      "resolved": "https://registry.npmjs.org/nlcst-to-string/-/nlcst-to-string-3.1.0.tgz",
      "integrity": "sha512-Y8HQWKw/zrHTCnu2zcFBN1dV6vN0NUG7s5fkEj380G8tF3R+vA2KG+tDl2QoHVQCTHGHVXwoni2RQkDSFQb1PA==",
      "dependencies": {
        "@types/nlcst": "^1.0.0"
      },
      "funding": {
        "type": "opencollective",
        "url": "https://opencollective.com/unified"
      }
    },
    "node_modules/parse-latin": {
      "version": "5.0.0",
      "resolved": "https://registry.npmjs.org/parse-latin/-/parse-latin-5.0.0.tgz",
      "integrity": "sha512-Ht+4/+AUySMS5HKGAiQpBmkFsHSoGrj6Y83flLCa5OIBdtsVkO3UD4OtboJ0O0vZiOznH02x8qlwg9KLUVXuNg==",
      "dependencies": {
        "nlcst-to-string": "^2.0.0",
        "unist-util-modify-children": "^2.0.0",
        "unist-util-visit-children": "^1.0.0"
      },
      "funding": {
        "type": "github",
        "url": "https://github.com/sponsors/wooorm"
      }
    },
    "node_modules/parse-latin/node_modules/nlcst-to-string": {
      "version": "2.0.4",
      "resolved": "https://registry.npmjs.org/nlcst-to-string/-/nlcst-to-string-2.0.4.tgz",
      "integrity": "sha512-3x3jwTd6UPG7vi5k4GEzvxJ5rDA7hVUIRNHPblKuMVP9Z3xmlsd9cgLcpAMkc5uPOBna82EeshROFhsPkbnTZg==",
      "funding": {
        "type": "opencollective",
        "url": "https://opencollective.com/unified"
      }
    },
    "node_modules/quotation": {
      "version": "2.0.2",
      "resolved": "https://registry.npmjs.org/quotation/-/quotation-2.0.2.tgz",
      "integrity": "sha512-FeUlLe40ROXHVWLZkzmeR2PNYWdkvTXEXhW6FX8axRv1ODt8Gxed3APrE1Qb5i1n70ZzZGRmvs0jY3v/BRcJQQ==",
      "funding": {
        "type": "github",
        "url": "https://github.com/sponsors/wooorm"
      }
    },
    "node_modules/retext": {
      "version": "8.1.0",
      "resolved": "https://registry.npmjs.org/retext/-/retext-8.1.0.tgz",
      "integrity": "sha512-N9/Kq7YTn6ZpzfiGW45WfEGJqFf1IM1q8OsRa1CGzIebCJBNCANDRmOrholiDRGKo/We7ofKR4SEvcGAWEMD3Q==",
      "dependencies": {
        "@types/nlcst": "^1.0.0",
        "retext-latin": "^3.0.0",
        "retext-stringify": "^3.0.0",
        "unified": "^10.0.0"
      },
      "funding": {
        "type": "opencollective",
        "url": "https://opencollective.com/unified"
      }
    },
    "node_modules/retext-latin": {
      "version": "3.1.0",
      "resolved": "https://registry.npmjs.org/retext-latin/-/retext-latin-3.1.0.tgz",
      "integrity": "sha512-5MrD1tuebzO8ppsja5eEu+ZbBeUNCjoEarn70tkXOS7Bdsdf6tNahsv2bY0Z8VooFF6cw7/6S+d3yI/TMlMVVQ==",
      "dependencies": {
        "@types/nlcst": "^1.0.0",
        "parse-latin": "^5.0.0",
        "unherit": "^3.0.0",
        "unified": "^10.0.0"
      },
      "funding": {
        "type": "opencollective",
        "url": "https://opencollective.com/unified"
      }
    },
    "node_modules/retext-stringify": {
      "version": "3.1.0",
      "resolved": "https://registry.npmjs.org/retext-stringify/-/retext-stringify-3.1.0.tgz",
      "integrity": "sha512-767TLOaoXFXyOnjx/EggXlb37ZD2u4P1n0GJqVdpipqACsQP+20W+BNpMYrlJkq7hxffnFk+jc6mAK9qrbuB8w==",
      "dependencies": {
        "@types/nlcst": "^1.0.0",
        "nlcst-to-string": "^3.0.0",
        "unified": "^10.0.0"
      },
      "funding": {
        "type": "opencollective",
        "url": "https://opencollective.com/unified"
      }
    },
    "node_modules/trough": {
      "version": "2.0.2",
      "resolved": "https://registry.npmjs.org/trough/-/trough-2.0.2.tgz",
      "integrity": "sha512-FnHq5sTMxC0sk957wHDzRnemFnNBvt/gSY99HzK8F7UP5WAbvP70yX5bd7CjEQkN+TjdxwI7g7lJ6podqrG2/w==",
      "funding": {
        "type": "github",
        "url": "https://github.com/sponsors/wooorm"
      }
    },
    "node_modules/unherit": {
      "version": "3.0.0",
      "resolved": "https://registry.npmjs.org/unherit/-/unherit-3.0.0.tgz",
      "integrity": "sha512-UmvIQZGEc9qdLIQ8mv8/61n6PiMgfbOoASPKHpCvII5srShCQSa6jSjBjlZOR4bxt2XnT6uo6csmPKRi+zQ0Jg==",
      "funding": {
        "type": "github",
        "url": "https://github.com/sponsors/wooorm"
      }
    },
    "node_modules/unified": {
      "version": "10.1.1",
      "resolved": "https://registry.npmjs.org/unified/-/unified-10.1.1.tgz",
      "integrity": "sha512-v4ky1+6BN9X3pQrOdkFIPWAaeDsHPE1svRDxq7YpTc2plkIqFMwukfqM+l0ewpP9EfwARlt9pPFAeWYhHm8X9w==",
      "dependencies": {
        "@types/unist": "^2.0.0",
        "bail": "^2.0.0",
        "extend": "^3.0.0",
        "is-buffer": "^2.0.0",
        "is-plain-obj": "^4.0.0",
        "trough": "^2.0.0",
        "vfile": "^5.0.0"
      },
      "funding": {
        "type": "opencollective",
        "url": "https://opencollective.com/unified"
      }
    },
    "node_modules/unist-util-is": {
      "version": "5.1.1",
      "resolved": "https://registry.npmjs.org/unist-util-is/-/unist-util-is-5.1.1.tgz",
      "integrity": "sha512-F5CZ68eYzuSvJjGhCLPL3cYx45IxkqXSetCcRgUXtbcm50X2L9oOWQlfUfDdAf+6Pd27YDblBfdtmsThXmwpbQ==",
      "funding": {
        "type": "opencollective",
        "url": "https://opencollective.com/unified"
      }
    },
    "node_modules/unist-util-modify-children": {
      "version": "2.0.0",
      "resolved": "https://registry.npmjs.org/unist-util-modify-children/-/unist-util-modify-children-2.0.0.tgz",
      "integrity": "sha512-HGrj7JQo9DwZt8XFsX8UD4gGqOsIlCih9opG6Y+N11XqkBGKzHo8cvDi+MfQQgiZ7zXRUiQREYHhjOBHERTMdg==",
      "dependencies": {
        "array-iterate": "^1.0.0"
      },
      "funding": {
        "type": "opencollective",
        "url": "https://opencollective.com/unified"
      }
    },
    "node_modules/unist-util-position": {
      "version": "4.0.1",
      "resolved": "https://registry.npmjs.org/unist-util-position/-/unist-util-position-4.0.1.tgz",
      "integrity": "sha512-mgy/zI9fQ2HlbOtTdr2w9lhVaiFUHWQnZrFF2EUoVOqtAUdzqMtNiD99qA5a1IcjWVR8O6aVYE9u7Z2z1v0SQA==",
      "funding": {
        "type": "opencollective",
        "url": "https://opencollective.com/unified"
      }
    },
    "node_modules/unist-util-stringify-position": {
      "version": "3.0.0",
      "resolved": "https://registry.npmjs.org/unist-util-stringify-position/-/unist-util-stringify-position-3.0.0.tgz",
      "integrity": "sha512-SdfAl8fsDclywZpfMDTVDxA2V7LjtRDTOFd44wUJamgl6OlVngsqWjxvermMYf60elWHbxhuRCZml7AnuXCaSA==",
      "dependencies": {
        "@types/unist": "^2.0.0"
      },
      "funding": {
        "type": "opencollective",
        "url": "https://opencollective.com/unified"
      }
    },
    "node_modules/unist-util-visit": {
      "version": "4.1.0",
      "resolved": "https://registry.npmjs.org/unist-util-visit/-/unist-util-visit-4.1.0.tgz",
      "integrity": "sha512-n7lyhFKJfVZ9MnKtqbsqkQEk5P1KShj0+//V7mAcoI6bpbUjh3C/OG8HVD+pBihfh6Ovl01m8dkcv9HNqYajmQ==",
      "dependencies": {
        "@types/unist": "^2.0.0",
        "unist-util-is": "^5.0.0",
        "unist-util-visit-parents": "^5.0.0"
      },
      "funding": {
        "type": "opencollective",
        "url": "https://opencollective.com/unified"
      }
    },
    "node_modules/unist-util-visit-children": {
      "version": "1.1.4",
      "resolved": "https://registry.npmjs.org/unist-util-visit-children/-/unist-util-visit-children-1.1.4.tgz",
      "integrity": "sha512-sA/nXwYRCQVRwZU2/tQWUqJ9JSFM1X3x7JIOsIgSzrFHcfVt6NkzDtKzyxg2cZWkCwGF9CO8x4QNZRJRMK8FeQ==",
      "funding": {
        "type": "opencollective",
        "url": "https://opencollective.com/unified"
      }
    },
    "node_modules/unist-util-visit-parents": {
      "version": "5.1.0",
      "resolved": "https://registry.npmjs.org/unist-util-visit-parents/-/unist-util-visit-parents-5.1.0.tgz",
      "integrity": "sha512-y+QVLcY5eR/YVpqDsLf/xh9R3Q2Y4HxkZTp7ViLDU6WtJCEcPmRzW1gpdWDCDIqIlhuPDXOgttqPlykrHYDekg==",
      "dependencies": {
        "@types/unist": "^2.0.0",
        "unist-util-is": "^5.0.0"
      },
      "funding": {
        "type": "opencollective",
        "url": "https://opencollective.com/unified"
      }
    },
    "node_modules/vfile": {
      "version": "5.3.0",
      "resolved": "https://registry.npmjs.org/vfile/-/vfile-5.3.0.tgz",
      "integrity": "sha512-Tj44nY/48OQvarrE4FAjUfrv7GZOYzPbl5OD65HxVKwLJKMPU7zmfV8cCgCnzKWnSfYG2f3pxu+ALqs7j22xQQ==",
      "dependencies": {
        "@types/unist": "^2.0.0",
        "is-buffer": "^2.0.0",
        "unist-util-stringify-position": "^3.0.0",
        "vfile-message": "^3.0.0"
      },
      "funding": {
        "type": "opencollective",
        "url": "https://opencollective.com/unified"
      }
    },
    "node_modules/vfile-message": {
      "version": "3.1.0",
      "resolved": "https://registry.npmjs.org/vfile-message/-/vfile-message-3.1.0.tgz",
      "integrity": "sha512-4QJbBk+DkPEhBXq3f260xSaWtjE4gPKOfulzfMFF8ZNwaPZieWsg3iVlcmF04+eebzpcpeXOOFMfrYzJHVYg+g==",
      "dependencies": {
        "@types/unist": "^2.0.0",
        "unist-util-stringify-position": "^3.0.0"
      },
      "funding": {
        "type": "opencollective",
        "url": "https://opencollective.com/unified"
      }
    },
    "node_modules/vfile-reporter-json": {
      "version": "3.1.0",
      "resolved": "https://registry.npmjs.org/vfile-reporter-json/-/vfile-reporter-json-3.1.0.tgz",
      "integrity": "sha512-Hm/rXgIGecCyjbXGY1BswIU6U0cy2ebixnags0vC26w2ckM9p8YeSn8jpsLZ3ply8zTZCRD1Er0Uc9hee8eMwg==",
      "dependencies": {
        "vfile": "^5.0.0",
        "vfile-message": "^3.0.0"
      },
      "funding": {
        "type": "opencollective",
        "url": "https://opencollective.com/unified"
      }
    }
  },
  "dependencies": {
    "@types/nlcst": {
      "version": "1.0.0",
      "resolved": "https://registry.npmjs.org/@types/nlcst/-/nlcst-1.0.0.tgz",
      "integrity": "sha512-3TGCfOcy8R8mMQ4CNSNOe3PG66HttvjcLzCoOpvXvDtfWOTi+uT/rxeOKm/qEwbM4SNe1O/PjdiBK2YcTjU4OQ==",
      "requires": {
        "@types/unist": "*"
      }
    },
    "@types/unist": {
      "version": "2.0.6",
      "resolved": "https://registry.npmjs.org/@types/unist/-/unist-2.0.6.tgz",
      "integrity": "sha512-PBjIUxZHOuj0R15/xuwJYjFi+KZdNFrehocChv4g5hu6aFroHue8m0lBP0POdK2nKzbw0cgV1mws8+V/JAcEkQ=="
    },
    "array-iterate": {
      "version": "1.1.4",
      "resolved": "https://registry.npmjs.org/array-iterate/-/array-iterate-1.1.4.tgz",
      "integrity": "sha512-sNRaPGh9nnmdC8Zf+pT3UqP8rnWj5Hf9wiFGsX3wUQ2yVSIhO2ShFwCoceIPpB41QF6i2OEmrHmCo36xronCVA=="
    },
    "bail": {
      "version": "2.0.2",
      "resolved": "https://registry.npmjs.org/bail/-/bail-2.0.2.tgz",
      "integrity": "sha512-0xO6mYd7JB2YesxDKplafRpsiOzPt9V02ddPCLbY1xYGPOX24NTyN50qnUxgCPcSoYMhKpAuBTjQoRZCAkUDRw=="
    },
    "extend": {
      "version": "3.0.2",
      "resolved": "https://registry.npmjs.org/extend/-/extend-3.0.2.tgz",
      "integrity": "sha512-fjquC59cD7CyW6urNXK0FBufkZcoiGG80wTuPujX590cB5Ttln20E2UB4S/WARVqhXffZl2LNgS+gQdPIIim/g=="
    },
    "is-buffer": {
      "version": "2.0.5",
      "resolved": "https://registry.npmjs.org/is-buffer/-/is-buffer-2.0.5.tgz",
      "integrity": "sha512-i2R6zNFDwgEHJyQUtJEk0XFi1i0dPFn/oqjK3/vPCcDeJvW5NQ83V8QbicfF1SupOaB0h8ntgBC2YiE7dfyctQ=="
    },
    "is-plain-obj": {
      "version": "4.0.0",
      "resolved": "https://registry.npmjs.org/is-plain-obj/-/is-plain-obj-4.0.0.tgz",
      "integrity": "sha512-NXRbBtUdBioI73y/HmOhogw/U5msYPC9DAtGkJXeFcFWSFZw0mCUsPxk/snTuJHzNKA8kLBK4rH97RMB1BfCXw=="
    },
    "match-casing": {
      "version": "2.0.1",
      "resolved": "https://registry.npmjs.org/match-casing/-/match-casing-2.0.1.tgz",
      "integrity": "sha512-LeCq9FI5u4nppJnt4hklxcchkH9qH9+uFjX17f74a99lLkRXfVE49iL0hCtM5DZolps483viAy5zjvlTz/JNoA=="
    },
    "nlcst-is-literal": {
      "version": "2.1.0",
      "resolved": "https://registry.npmjs.org/nlcst-is-literal/-/nlcst-is-literal-2.1.0.tgz",
      "integrity": "sha512-jaEIXvIreWx4lfkRa+B3toTTxQgDxnECncbEQVSUVfRWxamQFbRHgxyfrt0aMnuoq5AMd3CQHl5SHGGruOUOdQ==",
      "requires": {
        "@types/nlcst": "^1.0.0",
        "@types/unist": "^2.0.0",
        "nlcst-to-string": "^3.0.0"
      }
    },
    "nlcst-normalize": {
      "version": "3.1.0",
      "resolved": "https://registry.npmjs.org/nlcst-normalize/-/nlcst-normalize-3.1.0.tgz",
      "integrity": "sha512-kRWfUwtffmU26wPAJ25St5rec29PhV8F6dKaa7PxGhH3uytsGakfLyOEEm1mULzWOdfyDb03aE+OKp7h0OJuhA==",
      "requires": {
        "@types/nlcst": "^1.0.0",
        "nlcst-to-string": "^3.0.0"
      }
    },
    "nlcst-search": {
      "version": "3.1.0",
      "resolved": "https://registry.npmjs.org/nlcst-search/-/nlcst-search-3.1.0.tgz",
      "integrity": "sha512-d+0fXxF0d5oFAeeyuoGbIYcbiixE9Xt/lsmt491jjPyabXRoIRBE0++U+G8kbDyJFRk1bMQnGFpMCzeoMlDYfQ==",
      "requires": {
        "@types/nlcst": "^1.0.0",
        "@types/unist": "^2.0.0",
        "nlcst-is-literal": "^2.0.0",
        "nlcst-normalize": "^3.0.0",
        "unist-util-visit": "^4.0.0"
      }
    },
    "nlcst-to-string": {
      "version": "3.1.0",
      "resolved": "https://registry.npmjs.org/nlcst-to-string/-/nlcst-to-string-3.1.0.tgz",
      "integrity": "sha512-Y8HQWKw/zrHTCnu2zcFBN1dV6vN0NUG7s5fkEj380G8tF3R+vA2KG+tDl2QoHVQCTHGHVXwoni2RQkDSFQb1PA==",
      "requires": {
        "@types/nlcst": "^1.0.0"
      }
    },
    "parse-latin": {
      "version": "5.0.0",
      "resolved": "https://registry.npmjs.org/parse-latin/-/parse-latin-5.0.0.tgz",
      "integrity": "sha512-Ht+4/+AUySMS5HKGAiQpBmkFsHSoGrj6Y83flLCa5OIBdtsVkO3UD4OtboJ0O0vZiOznH02x8qlwg9KLUVXuNg==",
      "requires": {
        "nlcst-to-string": "^2.0.0",
        "unist-util-modify-children": "^2.0.0",
        "unist-util-visit-children": "^1.0.0"
      },
      "dependencies": {
        "nlcst-to-string": {
          "version": "2.0.4",
          "resolved": "https://registry.npmjs.org/nlcst-to-string/-/nlcst-to-string-2.0.4.tgz",
          "integrity": "sha512-3x3jwTd6UPG7vi5k4GEzvxJ5rDA7hVUIRNHPblKuMVP9Z3xmlsd9cgLcpAMkc5uPOBna82EeshROFhsPkbnTZg=="
        }
      }
    },
    "quotation": {
      "version": "2.0.2",
      "resolved": "https://registry.npmjs.org/quotation/-/quotation-2.0.2.tgz",
      "integrity": "sha512-FeUlLe40ROXHVWLZkzmeR2PNYWdkvTXEXhW6FX8axRv1ODt8Gxed3APrE1Qb5i1n70ZzZGRmvs0jY3v/BRcJQQ=="
    },
    "retext": {
      "version": "8.1.0",
      "resolved": "https://registry.npmjs.org/retext/-/retext-8.1.0.tgz",
      "integrity": "sha512-N9/Kq7YTn6ZpzfiGW45WfEGJqFf1IM1q8OsRa1CGzIebCJBNCANDRmOrholiDRGKo/We7ofKR4SEvcGAWEMD3Q==",
      "requires": {
        "@types/nlcst": "^1.0.0",
        "retext-latin": "^3.0.0",
        "retext-stringify": "^3.0.0",
        "unified": "^10.0.0"
      }
    },
    "retext-latin": {
      "version": "3.1.0",
      "resolved": "https://registry.npmjs.org/retext-latin/-/retext-latin-3.1.0.tgz",
      "integrity": "sha512-5MrD1tuebzO8ppsja5eEu+ZbBeUNCjoEarn70tkXOS7Bdsdf6tNahsv2bY0Z8VooFF6cw7/6S+d3yI/TMlMVVQ==",
      "requires": {
        "@types/nlcst": "^1.0.0",
        "parse-latin": "^5.0.0",
        "unherit": "^3.0.0",
        "unified": "^10.0.0"
      }
    },
    "retext-stringify": {
      "version": "3.1.0",
      "resolved": "https://registry.npmjs.org/retext-stringify/-/retext-stringify-3.1.0.tgz",
      "integrity": "sha512-767TLOaoXFXyOnjx/EggXlb37ZD2u4P1n0GJqVdpipqACsQP+20W+BNpMYrlJkq7hxffnFk+jc6mAK9qrbuB8w==",
      "requires": {
        "@types/nlcst": "^1.0.0",
        "nlcst-to-string": "^3.0.0",
        "unified": "^10.0.0"
      }
    },
    "trough": {
      "version": "2.0.2",
      "resolved": "https://registry.npmjs.org/trough/-/trough-2.0.2.tgz",
      "integrity": "sha512-FnHq5sTMxC0sk957wHDzRnemFnNBvt/gSY99HzK8F7UP5WAbvP70yX5bd7CjEQkN+TjdxwI7g7lJ6podqrG2/w=="
    },
    "unherit": {
      "version": "3.0.0",
      "resolved": "https://registry.npmjs.org/unherit/-/unherit-3.0.0.tgz",
      "integrity": "sha512-UmvIQZGEc9qdLIQ8mv8/61n6PiMgfbOoASPKHpCvII5srShCQSa6jSjBjlZOR4bxt2XnT6uo6csmPKRi+zQ0Jg=="
    },
    "unified": {
      "version": "10.1.1",
      "resolved": "https://registry.npmjs.org/unified/-/unified-10.1.1.tgz",
      "integrity": "sha512-v4ky1+6BN9X3pQrOdkFIPWAaeDsHPE1svRDxq7YpTc2plkIqFMwukfqM+l0ewpP9EfwARlt9pPFAeWYhHm8X9w==",
      "requires": {
        "@types/unist": "^2.0.0",
        "bail": "^2.0.0",
        "extend": "^3.0.0",
        "is-buffer": "^2.0.0",
        "is-plain-obj": "^4.0.0",
        "trough": "^2.0.0",
        "vfile": "^5.0.0"
      }
    },
    "unist-util-is": {
      "version": "5.1.1",
      "resolved": "https://registry.npmjs.org/unist-util-is/-/unist-util-is-5.1.1.tgz",
      "integrity": "sha512-F5CZ68eYzuSvJjGhCLPL3cYx45IxkqXSetCcRgUXtbcm50X2L9oOWQlfUfDdAf+6Pd27YDblBfdtmsThXmwpbQ=="
    },
    "unist-util-modify-children": {
      "version": "2.0.0",
      "resolved": "https://registry.npmjs.org/unist-util-modify-children/-/unist-util-modify-children-2.0.0.tgz",
      "integrity": "sha512-HGrj7JQo9DwZt8XFsX8UD4gGqOsIlCih9opG6Y+N11XqkBGKzHo8cvDi+MfQQgiZ7zXRUiQREYHhjOBHERTMdg==",
      "requires": {
        "array-iterate": "^1.0.0"
      }
    },
    "unist-util-position": {
      "version": "4.0.1",
      "resolved": "https://registry.npmjs.org/unist-util-position/-/unist-util-position-4.0.1.tgz",
      "integrity": "sha512-mgy/zI9fQ2HlbOtTdr2w9lhVaiFUHWQnZrFF2EUoVOqtAUdzqMtNiD99qA5a1IcjWVR8O6aVYE9u7Z2z1v0SQA=="
    },
    "unist-util-stringify-position": {
      "version": "3.0.0",
      "resolved": "https://registry.npmjs.org/unist-util-stringify-position/-/unist-util-stringify-position-3.0.0.tgz",
      "integrity": "sha512-SdfAl8fsDclywZpfMDTVDxA2V7LjtRDTOFd44wUJamgl6OlVngsqWjxvermMYf60elWHbxhuRCZml7AnuXCaSA==",
      "requires": {
        "@types/unist": "^2.0.0"
      }
    },
    "unist-util-visit": {
      "version": "4.1.0",
      "resolved": "https://registry.npmjs.org/unist-util-visit/-/unist-util-visit-4.1.0.tgz",
      "integrity": "sha512-n7lyhFKJfVZ9MnKtqbsqkQEk5P1KShj0+//V7mAcoI6bpbUjh3C/OG8HVD+pBihfh6Ovl01m8dkcv9HNqYajmQ==",
      "requires": {
        "@types/unist": "^2.0.0",
        "unist-util-is": "^5.0.0",
        "unist-util-visit-parents": "^5.0.0"
      }
    },
    "unist-util-visit-children": {
      "version": "1.1.4",
      "resolved": "https://registry.npmjs.org/unist-util-visit-children/-/unist-util-visit-children-1.1.4.tgz",
      "integrity": "sha512-sA/nXwYRCQVRwZU2/tQWUqJ9JSFM1X3x7JIOsIgSzrFHcfVt6NkzDtKzyxg2cZWkCwGF9CO8x4QNZRJRMK8FeQ=="
    },
    "unist-util-visit-parents": {
      "version": "5.1.0",
      "resolved": "https://registry.npmjs.org/unist-util-visit-parents/-/unist-util-visit-parents-5.1.0.tgz",
      "integrity": "sha512-y+QVLcY5eR/YVpqDsLf/xh9R3Q2Y4HxkZTp7ViLDU6WtJCEcPmRzW1gpdWDCDIqIlhuPDXOgttqPlykrHYDekg==",
      "requires": {
        "@types/unist": "^2.0.0",
        "unist-util-is": "^5.0.0"
      }
    },
    "vfile": {
      "version": "5.3.0",
      "resolved": "https://registry.npmjs.org/vfile/-/vfile-5.3.0.tgz",
      "integrity": "sha512-Tj44nY/48OQvarrE4FAjUfrv7GZOYzPbl5OD65HxVKwLJKMPU7zmfV8cCgCnzKWnSfYG2f3pxu+ALqs7j22xQQ==",
      "requires": {
        "@types/unist": "^2.0.0",
        "is-buffer": "^2.0.0",
        "unist-util-stringify-position": "^3.0.0",
        "vfile-message": "^3.0.0"
      }
    },
    "vfile-message": {
      "version": "3.1.0",
      "resolved": "https://registry.npmjs.org/vfile-message/-/vfile-message-3.1.0.tgz",
      "integrity": "sha512-4QJbBk+DkPEhBXq3f260xSaWtjE4gPKOfulzfMFF8ZNwaPZieWsg3iVlcmF04+eebzpcpeXOOFMfrYzJHVYg+g==",
      "requires": {
        "@types/unist": "^2.0.0",
        "unist-util-stringify-position": "^3.0.0"
      }
    },
    "vfile-reporter-json": {
      "version": "3.1.0",
      "resolved": "https://registry.npmjs.org/vfile-reporter-json/-/vfile-reporter-json-3.1.0.tgz",
      "integrity": "sha512-Hm/rXgIGecCyjbXGY1BswIU6U0cy2ebixnags0vC26w2ckM9p8YeSn8jpsLZ3ply8zTZCRD1Er0Uc9hee8eMwg==",
      "requires": {
        "vfile": "^5.0.0",
        "vfile-message": "^3.0.0"
      }
    }
  }
}
